
Microsoft Visual Studio Solution File, Format Version 12.00
# Visual Studio Version 16
VisualStudioVersion = 16.0.31624.102
MinimumVisualStudioVersion = 10.0.40219.1
Project("{FAE04EC0-301F-11D3-BF4B-00C04F79EFBC}") = "Oefeningen", "Oefeningen\Oefeningen.csproj", "{FA258DAC-2587-4B58-8827-B7B677BEE92E}"
EndProject
Project("{FAE04EC0-301F-11D3-BF4B-00C04F79EFBC}") = "Oefening2", "Oefening2\Oefening2.csproj", "{AEB19BF8-80A3-4527-912E-E9ED831FD4C6}"
EndProject
Project("{FAE04EC0-301F-11D3-BF4B-00C04F79EFBC}") = "Oefening3", "Oefening3\Oefening3.csproj", "{2C6BDE08-47E6-470C-AD02-AE69269B7D76}"
EndProject
Project("{FAE04EC0-301F-11D3-BF4B-00C04F79EFBC}") = "OefeningIf1", "OefeningIf1\OefeningIf1.csproj", "{F98FF519-ADB3-42DA-A31E-9356039D9450}"
EndProject
Project("{FAE04EC0-301F-11D3-BF4B-00C04F79EFBC}") = "OefeningIf2", "OefeningIf2\OefeningIf2.csproj", "{03BA05B9-7745-441A-84CF-67AE8FC2AFB8}"
EndProject
Project("{FAE04EC0-301F-11D3-BF4B-00C04F79EFBC}") = "OefeningIf3", "OefeningIf3\OefeningIf3.csproj", "{D5DE8703-1624-4C70-9ED6-2E389CF1E095}"
EndProject
Project("{FAE04EC0-301F-11D3-BF4B-00C04F79EFBC}") = "OefeningIf4", "OefeningIf4\OefeningIf4.csproj", "{B818B654-E639-4A58-ACAC-F404C4B5FD83}"
EndProject
Project("{FAE04EC0-301F-11D3-BF4B-00C04F79EFBC}") = "TestOefeningen", "TestOefeningen\TestOefeningen.csproj", "{882E7A68-5A85-48D7-A55F-4815E087B8AA}"
EndProject
Project("{FAE04EC0-301F-11D3-BF4B-00C04F79EFBC}") = "OefeningIf5", "OefeningIf5\OefeningIf5.csproj", "{316C881A-2456-4DE8-BDF4-2A50DBA84698}"
EndProject
Project("{FAE04EC0-301F-11D3-BF4B-00C04F79EFBC}") = "OefeningCase1", "OefeningCase1\OefeningCase1.csproj", "{AE8FC16D-FE76-49E8-97A8-12081125EE94}"
EndProject
Project("{FAE04EC0-301F-11D3-BF4B-00C04F79EFBC}") = "OefeningLoop1", "OefeningLoop1\OefeningLoop1.csproj", "{4A46C11C-0349-4AA5-B533-FA11048784A3}"
EndProject
Project("{FAE04EC0-301F-11D3-BF4B-00C04F79EFBC}") = "OefeningLoop2", "OefeningLoop2\OefeningLoop2.csproj", "{666D36DF-F503-4983-977A-E1E13B3633B0}"
EndProject
Project("{FAE04EC0-301F-11D3-BF4B-00C04F79EFBC}") = "OefeningLoop4", "Oefeninf4Loop\OefeningLoop4.csproj", "{ADF2DEE5-48F0-4984-AAFC-3FB680D61184}"
EndProject
Project("{FAE04EC0-301F-11D3-BF4B-00C04F79EFBC}") = "OefeningLoop5", "OefeningLoop5\OefeningLoop5.csproj", "{B6E636C5-1817-40D9-9ADC-48D7EFABFBE4}"
EndProject
Project("{FAE04EC0-301F-11D3-BF4B-00C04F79EFBC}") = "OefeningLoopExtra1", "OefeningLoopExtra1\OefeningLoopExtra1.csproj", "{89323EA5-A071-42F3-843A-B8FE1F994A9D}"
EndProject
Project("{FAE04EC0-301F-11D3-BF4B-00C04F79EFBC}") = "OefeningLoopExtra2", "OefeningLoopExtra2\OefeningLoopExtra2.csproj", "{59C1A5CC-9B53-47A1-A407-4B95CB59B253}"
EndProject
Project("{FAE04EC0-301F-11D3-BF4B-00C04F79EFBC}") = "OefeningString1", "OefeningString1\OefeningString1.csproj", "{3F93DC4F-A5D6-456C-8824-0CDF15DC43B5}"
EndProject
Project("{FAE04EC0-301F-11D3-BF4B-00C04F79EFBC}") = "OefeningString2", "OefeningString2\OefeningString2.csproj", "{8B601598-AAE1-4589-88A1-DCEBE73B1424}"
EndProject
Project("{2150E333-8FDC-42A3-9474-1A3956D46DE8}") = "Oefeningen1-3", "Oefeningen1-3", "{DE131E1E-2A23-4B0E-BDF8-1FFBADD1C53D}"
EndProject
Project("{2150E333-8FDC-42A3-9474-1A3956D46DE8}") = "Oefening If 1-5", "Oefening If 1-5", "{D807C180-F15D-4628-9303-D2220BF3326B}"
EndProject
Project("{2150E333-8FDC-42A3-9474-1A3956D46DE8}") = "Oefening Loop 1-5 + extra", "Oefening Loop 1-5 + extra", "{230DAF20-E61B-4C24-BB8E-613ED96373F0}"
EndProject
Project("{2150E333-8FDC-42A3-9474-1A3956D46DE8}") = "Oefening String 1-2", "Oefening String 1-2", "{23098E4F-E325-42A2-9CA8-A3B5F9BB3B05}"
EndProject
Project("{FAE04EC0-301F-11D3-BF4B-00C04F79EFBC}") = "OefeningString3", "OefeningString3\OefeningString3.csproj", "{E1AB1B98-7BEE-4E90-ABB6-56E690660CED}"
EndProject
Project("{FAE04EC0-301F-11D3-BF4B-00C04F79EFBC}") = "Test2", "Test2\Test2.csproj", "{5692C32F-D222-41CA-8B29-2223F171BF3F}"
EndProject
Project("{FAE04EC0-301F-11D3-BF4B-00C04F79EFBC}") = "Hmm", "Hmm\Hmm.csproj", "{62536350-8DCA-41C0-829E-1B589A0821D0}"
EndProject
Project("{FAE04EC0-301F-11D3-BF4B-00C04F79EFBC}") = "OefeningString4", "OefeningString4\OefeningString4.csproj", "{830E863C-DB0C-4404-9612-97759CDAA036}"
EndProject
Project("{FAE04EC0-301F-11D3-BF4B-00C04F79EFBC}") = "Galgje", "Galgje\Galgje.csproj", "{FE5DB129-08C9-49E7-A99B-EA3477BD4337}"
EndProject
Project("{FAE04EC0-301F-11D3-BF4B-00C04F79EFBC}") = "OefeningArray1", "OefeningArray1\OefeningArray1.csproj", "{CE1EC179-7AAD-4F65-901D-450A8B50E865}"
EndProject
Project("{FAE04EC0-301F-11D3-BF4B-00C04F79EFBC}") = "OefeningArray2", "OefeningArray2\OefeningArray2.csproj", "{EEB4BBC5-DB1C-4077-A734-04AD0DEE5CF0}"
EndProject
Project("{2150E333-8FDC-42A3-9474-1A3956D46DE8}") = "Oefening Arrays 1-3", "Oefening Arrays 1-3", "{BB474ECB-B4D5-4584-9844-4C4847A01A9F}"
EndProject
Project("{FAE04EC0-301F-11D3-BF4B-00C04F79EFBC}") = "OefeningArray3", "OefeningArray3\OefeningArray3.csproj", "{39C269AF-8419-4B41-B338-515AE99837A6}"
EndProject
Project("{FAE04EC0-301F-11D3-BF4B-00C04F79EFBC}") = "Galgje 2.0", "Galgje 2.0\Galgje 2.0.csproj", "{36EB985B-0C12-4462-AE8E-A750ADDE4A45}"
EndProject
Project("{FAE04EC0-301F-11D3-BF4B-00C04F79EFBC}") = "Project", "Project\Project.csproj", "{587612C5-7260-4A66-BA7E-1A332D6FD26A}"
EndProject
Project("{2150E333-8FDC-42A3-9474-1A3956D46DE8}") = "Oefening Methods", "Oefening Methods", "{02A0C399-65C5-4CC1-83F0-B2025CE812F2}"
EndProject
Project("{FAE04EC0-301F-11D3-BF4B-00C04F79EFBC}") = "OefeningMethods1", "OefeningMethods1\OefeningMethods1.csproj", "{22AC1CA2-0CF1-40D8-A317-68F0FEF88980}"
EndProject
Project("{FAE04EC0-301F-11D3-BF4B-00C04F79EFBC}") = "Oefening Methods 2", "Oefening Methods 2\Oefening Methods 2.csproj", "{961017F4-5599-42DC-A1D6-EA4A39C5887D}"
EndProject
Project("{FAE04EC0-301F-11D3-BF4B-00C04F79EFBC}") = "Oefening Methods 3", "Oefening Methods 3\Oefening Methods 3.csproj", "{284E155D-6731-478C-83F1-CBBF1EE8B7BA}"
EndProject
Project("{FAE04EC0-301F-11D3-BF4B-00C04F79EFBC}") = "Oefening Methods 4", "Oefening Methods 4\Oefening Methods 4.csproj", "{C1FE7B51-D684-4444-93D4-4CB78C7F8E68}"
EndProject
Project("{FAE04EC0-301F-11D3-BF4B-00C04F79EFBC}") = "Oefening Methods 5", "Oefening Methods 5\Oefening Methods 5.csproj", "{823FB3A3-4406-48DC-B93E-E1729CB0547F}"
EndProject
Project("{2150E333-8FDC-42A3-9474-1A3956D46DE8}") = "Foutafhandeling", "Foutafhandeling", "{FE862A17-3229-4A80-91B3-42147312B8A9}"
EndProject
Project("{FAE04EC0-301F-11D3-BF4B-00C04F79EFBC}") = "FoutTest1", "FoutTest1\FoutTest1.csproj", "{9C600D85-AD49-4FC7-9E9C-9A2D7851ACB4}"
EndProject
Project("{FAE04EC0-301F-11D3-BF4B-00C04F79EFBC}") = "FoutOef1", "FoutOef1\FoutOef1.csproj", "{877716E7-22E6-4DD4-99D7-AD4B7C8EFF82}"
EndProject
Project("{FAE04EC0-301F-11D3-BF4B-00C04F79EFBC}") = "FoutOef2", "FoutOef2\FoutOef2.csproj", "{628BBDC3-4120-41CD-8021-F98F9B189D6A}"
EndProject
Project("{FAE04EC0-301F-11D3-BF4B-00C04F79EFBC}") = "FoutOef3", "FoutOef3\FoutOef3.csproj", "{F9B09B92-19F9-4870-AFA8-D74664121A18}"
EndProject
Global
	GlobalSection(SolutionConfigurationPlatforms) = preSolution
		Debug|Any CPU = Debug|Any CPU
		Release|Any CPU = Release|Any CPU
	EndGlobalSection
	GlobalSection(ProjectConfigurationPlatforms) = postSolution
		{FA258DAC-2587-4B58-8827-B7B677BEE92E}.Debug|Any CPU.ActiveCfg = Debug|Any CPU
		{FA258DAC-2587-4B58-8827-B7B677BEE92E}.Debug|Any CPU.Build.0 = Debug|Any CPU
		{FA258DAC-2587-4B58-8827-B7B677BEE92E}.Release|Any CPU.ActiveCfg = Release|Any CPU
		{FA258DAC-2587-4B58-8827-B7B677BEE92E}.Release|Any CPU.Build.0 = Release|Any CPU
		{AEB19BF8-80A3-4527-912E-E9ED831FD4C6}.Debug|Any CPU.ActiveCfg = Debug|Any CPU
		{AEB19BF8-80A3-4527-912E-E9ED831FD4C6}.Debug|Any CPU.Build.0 = Debug|Any CPU
		{AEB19BF8-80A3-4527-912E-E9ED831FD4C6}.Release|Any CPU.ActiveCfg = Release|Any CPU
		{AEB19BF8-80A3-4527-912E-E9ED831FD4C6}.Release|Any CPU.Build.0 = Release|Any CPU
		{2C6BDE08-47E6-470C-AD02-AE69269B7D76}.Debug|Any CPU.ActiveCfg = Debug|Any CPU
		{2C6BDE08-47E6-470C-AD02-AE69269B7D76}.Debug|Any CPU.Build.0 = Debug|Any CPU
		{2C6BDE08-47E6-470C-AD02-AE69269B7D76}.Release|Any CPU.ActiveCfg = Release|Any CPU
		{2C6BDE08-47E6-470C-AD02-AE69269B7D76}.Release|Any CPU.Build.0 = Release|Any CPU
		{F98FF519-ADB3-42DA-A31E-9356039D9450}.Debug|Any CPU.ActiveCfg = Debug|Any CPU
		{F98FF519-ADB3-42DA-A31E-9356039D9450}.Debug|Any CPU.Build.0 = Debug|Any CPU
		{F98FF519-ADB3-42DA-A31E-9356039D9450}.Release|Any CPU.ActiveCfg = Release|Any CPU
		{F98FF519-ADB3-42DA-A31E-9356039D9450}.Release|Any CPU.Build.0 = Release|Any CPU
		{03BA05B9-7745-441A-84CF-67AE8FC2AFB8}.Debug|Any CPU.ActiveCfg = Debug|Any CPU
		{03BA05B9-7745-441A-84CF-67AE8FC2AFB8}.Debug|Any CPU.Build.0 = Debug|Any CPU
		{03BA05B9-7745-441A-84CF-67AE8FC2AFB8}.Release|Any CPU.ActiveCfg = Release|Any CPU
		{03BA05B9-7745-441A-84CF-67AE8FC2AFB8}.Release|Any CPU.Build.0 = Release|Any CPU
		{D5DE8703-1624-4C70-9ED6-2E389CF1E095}.Debug|Any CPU.ActiveCfg = Debug|Any CPU
		{D5DE8703-1624-4C70-9ED6-2E389CF1E095}.Debug|Any CPU.Build.0 = Debug|Any CPU
		{D5DE8703-1624-4C70-9ED6-2E389CF1E095}.Release|Any CPU.ActiveCfg = Release|Any CPU
		{D5DE8703-1624-4C70-9ED6-2E389CF1E095}.Release|Any CPU.Build.0 = Release|Any CPU
		{B818B654-E639-4A58-ACAC-F404C4B5FD83}.Debug|Any CPU.ActiveCfg = Debug|Any CPU
		{B818B654-E639-4A58-ACAC-F404C4B5FD83}.Debug|Any CPU.Build.0 = Debug|Any CPU
		{B818B654-E639-4A58-ACAC-F404C4B5FD83}.Release|Any CPU.ActiveCfg = Release|Any CPU
		{B818B654-E639-4A58-ACAC-F404C4B5FD83}.Release|Any CPU.Build.0 = Release|Any CPU
		{882E7A68-5A85-48D7-A55F-4815E087B8AA}.Debug|Any CPU.ActiveCfg = Debug|Any CPU
		{882E7A68-5A85-48D7-A55F-4815E087B8AA}.Debug|Any CPU.Build.0 = Debug|Any CPU
		{882E7A68-5A85-48D7-A55F-4815E087B8AA}.Release|Any CPU.ActiveCfg = Release|Any CPU
		{882E7A68-5A85-48D7-A55F-4815E087B8AA}.Release|Any CPU.Build.0 = Release|Any CPU
		{316C881A-2456-4DE8-BDF4-2A50DBA84698}.Debug|Any CPU.ActiveCfg = Debug|Any CPU
		{316C881A-2456-4DE8-BDF4-2A50DBA84698}.Debug|Any CPU.Build.0 = Debug|Any CPU
		{316C881A-2456-4DE8-BDF4-2A50DBA84698}.Release|Any CPU.ActiveCfg = Release|Any CPU
		{316C881A-2456-4DE8-BDF4-2A50DBA84698}.Release|Any CPU.Build.0 = Release|Any CPU
		{AE8FC16D-FE76-49E8-97A8-12081125EE94}.Debug|Any CPU.ActiveCfg = Debug|Any CPU
		{AE8FC16D-FE76-49E8-97A8-12081125EE94}.Debug|Any CPU.Build.0 = Debug|Any CPU
		{AE8FC16D-FE76-49E8-97A8-12081125EE94}.Release|Any CPU.ActiveCfg = Release|Any CPU
		{AE8FC16D-FE76-49E8-97A8-12081125EE94}.Release|Any CPU.Build.0 = Release|Any CPU
		{4A46C11C-0349-4AA5-B533-FA11048784A3}.Debug|Any CPU.ActiveCfg = Debug|Any CPU
		{4A46C11C-0349-4AA5-B533-FA11048784A3}.Debug|Any CPU.Build.0 = Debug|Any CPU
		{4A46C11C-0349-4AA5-B533-FA11048784A3}.Release|Any CPU.ActiveCfg = Release|Any CPU
		{4A46C11C-0349-4AA5-B533-FA11048784A3}.Release|Any CPU.Build.0 = Release|Any CPU
		{666D36DF-F503-4983-977A-E1E13B3633B0}.Debug|Any CPU.ActiveCfg = Debug|Any CPU
		{666D36DF-F503-4983-977A-E1E13B3633B0}.Debug|Any CPU.Build.0 = Debug|Any CPU
		{666D36DF-F503-4983-977A-E1E13B3633B0}.Release|Any CPU.ActiveCfg = Release|Any CPU
		{666D36DF-F503-4983-977A-E1E13B3633B0}.Release|Any CPU.Build.0 = Release|Any CPU
		{ADF2DEE5-48F0-4984-AAFC-3FB680D61184}.Debug|Any CPU.ActiveCfg = Debug|Any CPU
		{ADF2DEE5-48F0-4984-AAFC-3FB680D61184}.Debug|Any CPU.Build.0 = Debug|Any CPU
		{ADF2DEE5-48F0-4984-AAFC-3FB680D61184}.Release|Any CPU.ActiveCfg = Release|Any CPU
		{ADF2DEE5-48F0-4984-AAFC-3FB680D61184}.Release|Any CPU.Build.0 = Release|Any CPU
		{B6E636C5-1817-40D9-9ADC-48D7EFABFBE4}.Debug|Any CPU.ActiveCfg = Debug|Any CPU
		{B6E636C5-1817-40D9-9ADC-48D7EFABFBE4}.Debug|Any CPU.Build.0 = Debug|Any CPU
		{B6E636C5-1817-40D9-9ADC-48D7EFABFBE4}.Release|Any CPU.ActiveCfg = Release|Any CPU
		{B6E636C5-1817-40D9-9ADC-48D7EFABFBE4}.Release|Any CPU.Build.0 = Release|Any CPU
		{89323EA5-A071-42F3-843A-B8FE1F994A9D}.Debug|Any CPU.ActiveCfg = Debug|Any CPU
		{89323EA5-A071-42F3-843A-B8FE1F994A9D}.Debug|Any CPU.Build.0 = Debug|Any CPU
		{89323EA5-A071-42F3-843A-B8FE1F994A9D}.Release|Any CPU.ActiveCfg = Release|Any CPU
		{89323EA5-A071-42F3-843A-B8FE1F994A9D}.Release|Any CPU.Build.0 = Release|Any CPU
		{59C1A5CC-9B53-47A1-A407-4B95CB59B253}.Debug|Any CPU.ActiveCfg = Debug|Any CPU
		{59C1A5CC-9B53-47A1-A407-4B95CB59B253}.Debug|Any CPU.Build.0 = Debug|Any CPU
		{59C1A5CC-9B53-47A1-A407-4B95CB59B253}.Release|Any CPU.ActiveCfg = Release|Any CPU
		{59C1A5CC-9B53-47A1-A407-4B95CB59B253}.Release|Any CPU.Build.0 = Release|Any CPU
		{3F93DC4F-A5D6-456C-8824-0CDF15DC43B5}.Debug|Any CPU.ActiveCfg = Debug|Any CPU
		{3F93DC4F-A5D6-456C-8824-0CDF15DC43B5}.Debug|Any CPU.Build.0 = Debug|Any CPU
		{3F93DC4F-A5D6-456C-8824-0CDF15DC43B5}.Release|Any CPU.ActiveCfg = Release|Any CPU
		{3F93DC4F-A5D6-456C-8824-0CDF15DC43B5}.Release|Any CPU.Build.0 = Release|Any CPU
		{8B601598-AAE1-4589-88A1-DCEBE73B1424}.Debug|Any CPU.ActiveCfg = Debug|Any CPU
		{8B601598-AAE1-4589-88A1-DCEBE73B1424}.Debug|Any CPU.Build.0 = Debug|Any CPU
		{8B601598-AAE1-4589-88A1-DCEBE73B1424}.Release|Any CPU.ActiveCfg = Release|Any CPU
		{8B601598-AAE1-4589-88A1-DCEBE73B1424}.Release|Any CPU.Build.0 = Release|Any CPU
		{E1AB1B98-7BEE-4E90-ABB6-56E690660CED}.Debug|Any CPU.ActiveCfg = Debug|Any CPU
		{E1AB1B98-7BEE-4E90-ABB6-56E690660CED}.Debug|Any CPU.Build.0 = Debug|Any CPU
		{E1AB1B98-7BEE-4E90-ABB6-56E690660CED}.Release|Any CPU.ActiveCfg = Release|Any CPU
		{E1AB1B98-7BEE-4E90-ABB6-56E690660CED}.Release|Any CPU.Build.0 = Release|Any CPU
		{5692C32F-D222-41CA-8B29-2223F171BF3F}.Debug|Any CPU.ActiveCfg = Debug|Any CPU
		{5692C32F-D222-41CA-8B29-2223F171BF3F}.Debug|Any CPU.Build.0 = Debug|Any CPU
		{5692C32F-D222-41CA-8B29-2223F171BF3F}.Release|Any CPU.ActiveCfg = Release|Any CPU
		{5692C32F-D222-41CA-8B29-2223F171BF3F}.Release|Any CPU.Build.0 = Release|Any CPU
		{62536350-8DCA-41C0-829E-1B589A0821D0}.Debug|Any CPU.ActiveCfg = Debug|Any CPU
		{62536350-8DCA-41C0-829E-1B589A0821D0}.Debug|Any CPU.Build.0 = Debug|Any CPU
		{62536350-8DCA-41C0-829E-1B589A0821D0}.Release|Any CPU.ActiveCfg = Release|Any CPU
		{62536350-8DCA-41C0-829E-1B589A0821D0}.Release|Any CPU.Build.0 = Release|Any CPU
		{830E863C-DB0C-4404-9612-97759CDAA036}.Debug|Any CPU.ActiveCfg = Debug|Any CPU
		{830E863C-DB0C-4404-9612-97759CDAA036}.Debug|Any CPU.Build.0 = Debug|Any CPU
		{830E863C-DB0C-4404-9612-97759CDAA036}.Release|Any CPU.ActiveCfg = Release|Any CPU
		{830E863C-DB0C-4404-9612-97759CDAA036}.Release|Any CPU.Build.0 = Release|Any CPU
		{FE5DB129-08C9-49E7-A99B-EA3477BD4337}.Debug|Any CPU.ActiveCfg = Debug|Any CPU
		{FE5DB129-08C9-49E7-A99B-EA3477BD4337}.Debug|Any CPU.Build.0 = Debug|Any CPU
		{FE5DB129-08C9-49E7-A99B-EA3477BD4337}.Release|Any CPU.ActiveCfg = Release|Any CPU
		{FE5DB129-08C9-49E7-A99B-EA3477BD4337}.Release|Any CPU.Build.0 = Release|Any CPU
		{CE1EC179-7AAD-4F65-901D-450A8B50E865}.Debug|Any CPU.ActiveCfg = Debug|Any CPU
		{CE1EC179-7AAD-4F65-901D-450A8B50E865}.Debug|Any CPU.Build.0 = Debug|Any CPU
		{CE1EC179-7AAD-4F65-901D-450A8B50E865}.Release|Any CPU.ActiveCfg = Release|Any CPU
		{CE1EC179-7AAD-4F65-901D-450A8B50E865}.Release|Any CPU.Build.0 = Release|Any CPU
		{EEB4BBC5-DB1C-4077-A734-04AD0DEE5CF0}.Debug|Any CPU.ActiveCfg = Debug|Any CPU
		{EEB4BBC5-DB1C-4077-A734-04AD0DEE5CF0}.Debug|Any CPU.Build.0 = Debug|Any CPU
		{EEB4BBC5-DB1C-4077-A734-04AD0DEE5CF0}.Release|Any CPU.ActiveCfg = Release|Any CPU
		{EEB4BBC5-DB1C-4077-A734-04AD0DEE5CF0}.Release|Any CPU.Build.0 = Release|Any CPU
		{39C269AF-8419-4B41-B338-515AE99837A6}.Debug|Any CPU.ActiveCfg = Debug|Any CPU
		{39C269AF-8419-4B41-B338-515AE99837A6}.Debug|Any CPU.Build.0 = Debug|Any CPU
		{39C269AF-8419-4B41-B338-515AE99837A6}.Release|Any CPU.ActiveCfg = Release|Any CPU
		{39C269AF-8419-4B41-B338-515AE99837A6}.Release|Any CPU.Build.0 = Release|Any CPU
		{36EB985B-0C12-4462-AE8E-A750ADDE4A45}.Debug|Any CPU.ActiveCfg = Debug|Any CPU
		{36EB985B-0C12-4462-AE8E-A750ADDE4A45}.Debug|Any CPU.Build.0 = Debug|Any CPU
		{36EB985B-0C12-4462-AE8E-A750ADDE4A45}.Release|Any CPU.ActiveCfg = Release|Any CPU
		{36EB985B-0C12-4462-AE8E-A750ADDE4A45}.Release|Any CPU.Build.0 = Release|Any CPU
		{587612C5-7260-4A66-BA7E-1A332D6FD26A}.Debug|Any CPU.ActiveCfg = Debug|Any CPU
		{587612C5-7260-4A66-BA7E-1A332D6FD26A}.Debug|Any CPU.Build.0 = Debug|Any CPU
		{587612C5-7260-4A66-BA7E-1A332D6FD26A}.Release|Any CPU.ActiveCfg = Release|Any CPU
		{587612C5-7260-4A66-BA7E-1A332D6FD26A}.Release|Any CPU.Build.0 = Release|Any CPU
		{22AC1CA2-0CF1-40D8-A317-68F0FEF88980}.Debug|Any CPU.ActiveCfg = Debug|Any CPU
		{22AC1CA2-0CF1-40D8-A317-68F0FEF88980}.Debug|Any CPU.Build.0 = Debug|Any CPU
		{22AC1CA2-0CF1-40D8-A317-68F0FEF88980}.Release|Any CPU.ActiveCfg = Release|Any CPU
		{22AC1CA2-0CF1-40D8-A317-68F0FEF88980}.Release|Any CPU.Build.0 = Release|Any CPU
		{961017F4-5599-42DC-A1D6-EA4A39C5887D}.Debug|Any CPU.ActiveCfg = Debug|Any CPU
		{961017F4-5599-42DC-A1D6-EA4A39C5887D}.Debug|Any CPU.Build.0 = Debug|Any CPU
		{961017F4-5599-42DC-A1D6-EA4A39C5887D}.Release|Any CPU.ActiveCfg = Release|Any CPU
		{961017F4-5599-42DC-A1D6-EA4A39C5887D}.Release|Any CPU.Build.0 = Release|Any CPU
		{284E155D-6731-478C-83F1-CBBF1EE8B7BA}.Debug|Any CPU.ActiveCfg = Debug|Any CPU
		{284E155D-6731-478C-83F1-CBBF1EE8B7BA}.Debug|Any CPU.Build.0 = Debug|Any CPU
		{284E155D-6731-478C-83F1-CBBF1EE8B7BA}.Release|Any CPU.ActiveCfg = Release|Any CPU
		{284E155D-6731-478C-83F1-CBBF1EE8B7BA}.Release|Any CPU.Build.0 = Release|Any CPU
		{C1FE7B51-D684-4444-93D4-4CB78C7F8E68}.Debug|Any CPU.ActiveCfg = Debug|Any CPU
		{C1FE7B51-D684-4444-93D4-4CB78C7F8E68}.Debug|Any CPU.Build.0 = Debug|Any CPU
		{C1FE7B51-D684-4444-93D4-4CB78C7F8E68}.Release|Any CPU.ActiveCfg = Release|Any CPU
		{C1FE7B51-D684-4444-93D4-4CB78C7F8E68}.Release|Any CPU.Build.0 = Release|Any CPU
		{823FB3A3-4406-48DC-B93E-E1729CB0547F}.Debug|Any CPU.ActiveCfg = Debug|Any CPU
		{823FB3A3-4406-48DC-B93E-E1729CB0547F}.Debug|Any CPU.Build.0 = Debug|Any CPU
		{823FB3A3-4406-48DC-B93E-E1729CB0547F}.Release|Any CPU.ActiveCfg = Release|Any CPU
		{823FB3A3-4406-48DC-B93E-E1729CB0547F}.Release|Any CPU.Build.0 = Release|Any CPU
		{9C600D85-AD49-4FC7-9E9C-9A2D7851ACB4}.Debug|Any CPU.ActiveCfg = Debug|Any CPU
		{9C600D85-AD49-4FC7-9E9C-9A2D7851ACB4}.Debug|Any CPU.Build.0 = Debug|Any CPU
		{9C600D85-AD49-4FC7-9E9C-9A2D7851ACB4}.Release|Any CPU.ActiveCfg = Release|Any CPU
		{9C600D85-AD49-4FC7-9E9C-9A2D7851ACB4}.Release|Any CPU.Build.0 = Release|Any CPU
		{877716E7-22E6-4DD4-99D7-AD4B7C8EFF82}.Debug|Any CPU.ActiveCfg = Debug|Any CPU
		{877716E7-22E6-4DD4-99D7-AD4B7C8EFF82}.Debug|Any CPU.Build.0 = Debug|Any CPU
		{877716E7-22E6-4DD4-99D7-AD4B7C8EFF82}.Release|Any CPU.ActiveCfg = Release|Any CPU
		{877716E7-22E6-4DD4-99D7-AD4B7C8EFF82}.Release|Any CPU.Build.0 = Release|Any CPU
		{628BBDC3-4120-41CD-8021-F98F9B189D6A}.Debug|Any CPU.ActiveCfg = Debug|Any CPU
		{628BBDC3-4120-41CD-8021-F98F9B189D6A}.Debug|Any CPU.Build.0 = Debug|Any CPU
		{628BBDC3-4120-41CD-8021-F98F9B189D6A}.Release|Any CPU.ActiveCfg = Release|Any CPU
		{628BBDC3-4120-41CD-8021-F98F9B189D6A}.Release|Any CPU.Build.0 = Release|Any CPU
		{F9B09B92-19F9-4870-AFA8-D74664121A18}.Debug|Any CPU.ActiveCfg = Debug|Any CPU
		{F9B09B92-19F9-4870-AFA8-D74664121A18}.Debug|Any CPU.Build.0 = Debug|Any CPU
		{F9B09B92-19F9-4870-AFA8-D74664121A18}.Release|Any CPU.ActiveCfg = Release|Any CPU
		{F9B09B92-19F9-4870-AFA8-D74664121A18}.Release|Any CPU.Build.0 = Release|Any CPU
	EndGlobalSection
	GlobalSection(SolutionProperties) = preSolution
		HideSolutionNode = FALSE
	EndGlobalSection
	GlobalSection(NestedProjects) = preSolution
		{FA258DAC-2587-4B58-8827-B7B677BEE92E} = {DE131E1E-2A23-4B0E-BDF8-1FFBADD1C53D}
		{AEB19BF8-80A3-4527-912E-E9ED831FD4C6} = {DE131E1E-2A23-4B0E-BDF8-1FFBADD1C53D}
		{2C6BDE08-47E6-470C-AD02-AE69269B7D76} = {DE131E1E-2A23-4B0E-BDF8-1FFBADD1C53D}
		{F98FF519-ADB3-42DA-A31E-9356039D9450} = {D807C180-F15D-4628-9303-D2220BF3326B}
		{03BA05B9-7745-441A-84CF-67AE8FC2AFB8} = {D807C180-F15D-4628-9303-D2220BF3326B}
		{D5DE8703-1624-4C70-9ED6-2E389CF1E095} = {D807C180-F15D-4628-9303-D2220BF3326B}
		{B818B654-E639-4A58-ACAC-F404C4B5FD83} = {D807C180-F15D-4628-9303-D2220BF3326B}
		{316C881A-2456-4DE8-BDF4-2A50DBA84698} = {D807C180-F15D-4628-9303-D2220BF3326B}
		{AE8FC16D-FE76-49E8-97A8-12081125EE94} = {230DAF20-E61B-4C24-BB8E-613ED96373F0}
		{4A46C11C-0349-4AA5-B533-FA11048784A3} = {230DAF20-E61B-4C24-BB8E-613ED96373F0}
		{666D36DF-F503-4983-977A-E1E13B3633B0} = {230DAF20-E61B-4C24-BB8E-613ED96373F0}
		{ADF2DEE5-48F0-4984-AAFC-3FB680D61184} = {230DAF20-E61B-4C24-BB8E-613ED96373F0}
		{B6E636C5-1817-40D9-9ADC-48D7EFABFBE4} = {230DAF20-E61B-4C24-BB8E-613ED96373F0}
		{89323EA5-A071-42F3-843A-B8FE1F994A9D} = {230DAF20-E61B-4C24-BB8E-613ED96373F0}
		{59C1A5CC-9B53-47A1-A407-4B95CB59B253} = {230DAF20-E61B-4C24-BB8E-613ED96373F0}
		{3F93DC4F-A5D6-456C-8824-0CDF15DC43B5} = {23098E4F-E325-42A2-9CA8-A3B5F9BB3B05}
		{8B601598-AAE1-4589-88A1-DCEBE73B1424} = {23098E4F-E325-42A2-9CA8-A3B5F9BB3B05}
		{E1AB1B98-7BEE-4E90-ABB6-56E690660CED} = {23098E4F-E325-42A2-9CA8-A3B5F9BB3B05}
		{830E863C-DB0C-4404-9612-97759CDAA036} = {23098E4F-E325-42A2-9CA8-A3B5F9BB3B05}
		{FE5DB129-08C9-49E7-A99B-EA3477BD4337} = {23098E4F-E325-42A2-9CA8-A3B5F9BB3B05}
		{CE1EC179-7AAD-4F65-901D-450A8B50E865} = {BB474ECB-B4D5-4584-9844-4C4847A01A9F}
		{EEB4BBC5-DB1C-4077-A734-04AD0DEE5CF0} = {BB474ECB-B4D5-4584-9844-4C4847A01A9F}
		{39C269AF-8419-4B41-B338-515AE99837A6} = {BB474ECB-B4D5-4584-9844-4C4847A01A9F}
		{22AC1CA2-0CF1-40D8-A317-68F0FEF88980} = {02A0C399-65C5-4CC1-83F0-B2025CE812F2}
		{961017F4-5599-42DC-A1D6-EA4A39C5887D} = {02A0C399-65C5-4CC1-83F0-B2025CE812F2}
		{284E155D-6731-478C-83F1-CBBF1EE8B7BA} = {02A0C399-65C5-4CC1-83F0-B2025CE812F2}
		{C1FE7B51-D684-4444-93D4-4CB78C7F8E68} = {02A0C399-65C5-4CC1-83F0-B2025CE812F2}
		{823FB3A3-4406-48DC-B93E-E1729CB0547F} = {02A0C399-65C5-4CC1-83F0-B2025CE812F2}
		{9C600D85-AD49-4FC7-9E9C-9A2D7851ACB4} = {FE862A17-3229-4A80-91B3-42147312B8A9}
		{877716E7-22E6-4DD4-99D7-AD4B7C8EFF82} = {FE862A17-3229-4A80-91B3-42147312B8A9}
		{628BBDC3-4120-41CD-8021-F98F9B189D6A} = {FE862A17-3229-4A80-91B3-42147312B8A9}
		{F9B09B92-19F9-4870-AFA8-D74664121A18} = {FE862A17-3229-4A80-91B3-42147312B8A9}
	EndGlobalSection
	GlobalSection(ExtensibilityGlobals) = postSolution
		SolutionGuid = {DDAE46BB-A4F0-4C77-BFF0-9F36E495B8DE}
	EndGlobalSection
EndGlobal
